
Microsoft Visual Studio Solution File, Format Version 12.00
# Visual Studio Version 17
VisualStudioVersion = 17.11.35327.3
MinimumVisualStudioVersion = 10.0.40219.1
Project("{9A19103F-16F7-4668-BE54-9A1E7A4F7556}") = "Rendzu.Core", "Rendzu.Core\Rendzu.Core.csproj", "{D99D8748-DF37-48D5-B60A-94087F9453D3}"
EndProject
Project("{FAE04EC0-301F-11D3-BF4B-00C04F79EFBC}") = "Rendzu.Console", "Rendzu.Console\Rendzu.Console.csproj", "{67C676A6-5715-412D-91BA-F9C14A1BF845}"
EndProject
Global
	GlobalSection(SolutionConfigurationPlatforms) = preSolution
		Debug|Any CPU = Debug|Any CPU
		Release|Any CPU = Release|Any CPU
	EndGlobalSection
	GlobalSection(ProjectConfigurationPlatforms) = postSolution
		{D99D8748-DF37-48D5-B60A-94087F9453D3}.Debug|Any CPU.ActiveCfg = Debug|Any CPU
		{D99D8748-DF37-48D5-B60A-94087F9453D3}.Debug|Any CPU.Build.0 = Debug|Any CPU
		{D99D8748-DF37-48D5-B60A-94087F9453D3}.Release|Any CPU.ActiveCfg = Release|Any CPU
		{D99D8748-DF37-48D5-B60A-94087F9453D3}.Release|Any CPU.Build.0 = Release|Any CPU
		{67C676A6-5715-412D-91BA-F9C14A1BF845}.Debug|Any CPU.ActiveCfg = Debug|Any CPU
		{67C676A6-5715-412D-91BA-F9C14A1BF845}.Debug|Any CPU.Build.0 = Debug|Any CPU
		{67C676A6-5715-412D-91BA-F9C14A1BF845}.Release|Any CPU.ActiveCfg = Release|Any CPU
		{67C676A6-5715-412D-91BA-F9C14A1BF845}.Release|Any CPU.Build.0 = Release|Any CPU
	EndGlobalSection
	GlobalSection(SolutionProperties) = preSolution
		HideSolutionNode = FALSE
	EndGlobalSection
	GlobalSection(ExtensibilityGlobals) = postSolution
		SolutionGuid = {A929A737-CC03-418B-AD45-687A047811AE}
	EndGlobalSection
EndGlobal
